
Microsoft Visual Studio Solution File, Format Version 12.00
# Visual Studio Version 16
VisualStudioVersion = 16.0.31613.86
MinimumVisualStudioVersion = 10.0.40219.1
Project("{FAE04EC0-301F-11D3-BF4B-00C04F79EFBC}") = "Calculatorwinform", "Calculatorwinform\Calculatorwinform.csproj", "{ABBD0F48-C472-4B8C-A665-E7EACB344C21}"
EndProject
Global
	GlobalSection(SolutionConfigurationPlatforms) = preSolution
		Debug|Any CPU = Debug|Any CPU
		Release|Any CPU = Release|Any CPU
	EndGlobalSection
	GlobalSection(ProjectConfigurationPlatforms) = postSolution
		{ABBD0F48-C472-4B8C-A665-E7EACB344C21}.Debug|Any CPU.ActiveCfg = Debug|Any CPU
		{ABBD0F48-C472-4B8C-A665-E7EACB344C21}.Debug|Any CPU.Build.0 = Debug|Any CPU
		{ABBD0F48-C472-4B8C-A665-E7EACB344C21}.Release|Any CPU.ActiveCfg = Release|Any CPU
		{ABBD0F48-C472-4B8C-A665-E7EACB344C21}.Release|Any CPU.Build.0 = Release|Any CPU
	EndGlobalSection
	GlobalSection(SolutionProperties) = preSolution
		HideSolutionNode = FALSE
	EndGlobalSection
	GlobalSection(ExtensibilityGlobals) = postSolution
		SolutionGuid = {11BAC3DD-B4BF-4734-B81E-0D0F557B7815}
	EndGlobalSection
EndGlobal
